
Microsoft Visual Studio Solution File, Format Version 12.00
# Visual Studio Version 16
VisualStudioVersion = 16.0.29806.167
MinimumVisualStudioVersion = 10.0.40219.1
Project("{FAE04EC0-301F-11D3-BF4B-00C04F79EFBC}") = "teste_fiap", "teste_fiap.csproj", "{89993C63-9C0A-41DF-9885-68124E77CCBD}"
EndProject
Global
	GlobalSection(SolutionConfigurationPlatforms) = preSolution
		Debug|Any CPU = Debug|Any CPU
		Release|Any CPU = Release|Any CPU
	EndGlobalSection
	GlobalSection(ProjectConfigurationPlatforms) = postSolution
		{89993C63-9C0A-41DF-9885-68124E77CCBD}.Debug|Any CPU.ActiveCfg = Debug|Any CPU
		{89993C63-9C0A-41DF-9885-68124E77CCBD}.Debug|Any CPU.Build.0 = Debug|Any CPU
		{89993C63-9C0A-41DF-9885-68124E77CCBD}.Release|Any CPU.ActiveCfg = Release|Any CPU
		{89993C63-9C0A-41DF-9885-68124E77CCBD}.Release|Any CPU.Build.0 = Release|Any CPU
	EndGlobalSection
	GlobalSection(SolutionProperties) = preSolution
		HideSolutionNode = FALSE
	EndGlobalSection
	GlobalSection(ExtensibilityGlobals) = postSolution
		SolutionGuid = {0981920A-D57C-4909-9CAA-D852B8BF0C81}
	EndGlobalSection
EndGlobal
